
Microsoft Visual Studio Solution File, Format Version 12.00
# Visual Studio Version 17
VisualStudioVersion = 17.0.31903.59
MinimumVisualStudioVersion = 10.0.40219.1
Project("{2150E333-8FDC-42A3-9474-1A3956D46DE8}") = "domain", "domain", "{4BCD849A-4207-487D-AD04-58C05A3B11B6}"
EndProject
Project("{9A19103F-16F7-4668-BE54-9A1E7A4F7556}") = "Store", "domain\Store\Store.csproj", "{0F784EC9-26FB-494D-A9EE-600773B676FC}"
EndProject
Project("{2150E333-8FDC-42A3-9474-1A3956D46DE8}") = "infrastructure", "infrastructure", "{E1BF061A-0FFC-4689-9869-379F44146800}"
EndProject
Project("{9A19103F-16F7-4668-BE54-9A1E7A4F7556}") = "Store.Memory", "Store.Memory\Store.Memory.csproj", "{47D087DF-5A96-4498-954D-25A3F4620864}"
EndProject
Project("{2150E333-8FDC-42A3-9474-1A3956D46DE8}") = "presentation", "presentation", "{4769A4D0-2C8A-4410-8D71-B0BAE1F1D9FE}"
EndProject
Project("{9A19103F-16F7-4668-BE54-9A1E7A4F7556}") = "Store.Web", "Store.Web\Store.Web.csproj", "{B841D14B-D8AD-4158-B08A-347EE26ED92A}"
EndProject
Project("{FAE04EC0-301F-11D3-BF4B-00C04F79EFBC}") = "Store.Tests", "Store.Tests\Store.Tests.csproj", "{BFD3AD98-5A35-40D5-B8C7-A62A3F8D8E6C}"
EndProject
Global
	GlobalSection(SolutionConfigurationPlatforms) = preSolution
		Debug|Any CPU = Debug|Any CPU
		Release|Any CPU = Release|Any CPU
	EndGlobalSection
	GlobalSection(ProjectConfigurationPlatforms) = postSolution
		{0F784EC9-26FB-494D-A9EE-600773B676FC}.Debug|Any CPU.ActiveCfg = Debug|Any CPU
		{0F784EC9-26FB-494D-A9EE-600773B676FC}.Debug|Any CPU.Build.0 = Debug|Any CPU
		{0F784EC9-26FB-494D-A9EE-600773B676FC}.Release|Any CPU.ActiveCfg = Release|Any CPU
		{0F784EC9-26FB-494D-A9EE-600773B676FC}.Release|Any CPU.Build.0 = Release|Any CPU
		{47D087DF-5A96-4498-954D-25A3F4620864}.Debug|Any CPU.ActiveCfg = Debug|Any CPU
		{47D087DF-5A96-4498-954D-25A3F4620864}.Debug|Any CPU.Build.0 = Debug|Any CPU
		{47D087DF-5A96-4498-954D-25A3F4620864}.Release|Any CPU.ActiveCfg = Release|Any CPU
		{47D087DF-5A96-4498-954D-25A3F4620864}.Release|Any CPU.Build.0 = Release|Any CPU
		{B841D14B-D8AD-4158-B08A-347EE26ED92A}.Debug|Any CPU.ActiveCfg = Debug|Any CPU
		{B841D14B-D8AD-4158-B08A-347EE26ED92A}.Debug|Any CPU.Build.0 = Debug|Any CPU
		{B841D14B-D8AD-4158-B08A-347EE26ED92A}.Release|Any CPU.ActiveCfg = Release|Any CPU
		{B841D14B-D8AD-4158-B08A-347EE26ED92A}.Release|Any CPU.Build.0 = Release|Any CPU
		{BFD3AD98-5A35-40D5-B8C7-A62A3F8D8E6C}.Debug|Any CPU.ActiveCfg = Debug|Any CPU
		{BFD3AD98-5A35-40D5-B8C7-A62A3F8D8E6C}.Debug|Any CPU.Build.0 = Debug|Any CPU
		{BFD3AD98-5A35-40D5-B8C7-A62A3F8D8E6C}.Release|Any CPU.ActiveCfg = Release|Any CPU
		{BFD3AD98-5A35-40D5-B8C7-A62A3F8D8E6C}.Release|Any CPU.Build.0 = Release|Any CPU
	EndGlobalSection
	GlobalSection(SolutionProperties) = preSolution
		HideSolutionNode = FALSE
	EndGlobalSection
	GlobalSection(NestedProjects) = preSolution
		{0F784EC9-26FB-494D-A9EE-600773B676FC} = {4BCD849A-4207-487D-AD04-58C05A3B11B6}
		{47D087DF-5A96-4498-954D-25A3F4620864} = {E1BF061A-0FFC-4689-9869-379F44146800}
		{B841D14B-D8AD-4158-B08A-347EE26ED92A} = {4769A4D0-2C8A-4410-8D71-B0BAE1F1D9FE}
		{BFD3AD98-5A35-40D5-B8C7-A62A3F8D8E6C} = {4BCD849A-4207-487D-AD04-58C05A3B11B6}
	EndGlobalSection
	GlobalSection(ExtensibilityGlobals) = postSolution
		SolutionGuid = {DC1E735F-DBF8-43A1-B61E-7F092E25EEF8}
	EndGlobalSection
EndGlobal
